
Microsoft Visual Studio Solution File, Format Version 12.00
Project("{FAE04EC0-301F-11D3-BF4B-00C04F79EFBC}") = "AlgorithmExamples", "AlgorithmExamples\AlgorithmExamples.csproj", "{A7D8BAD5-74FB-4F09-9920-E5609D226AA6}"
EndProject
Global
	GlobalSection(SolutionConfigurationPlatforms) = preSolution
		Debug|Any CPU = Debug|Any CPU
		Release|Any CPU = Release|Any CPU
	EndGlobalSection
	GlobalSection(ProjectConfigurationPlatforms) = postSolution
		{A7D8BAD5-74FB-4F09-9920-E5609D226AA6}.Debug|Any CPU.ActiveCfg = Debug|Any CPU
		{A7D8BAD5-74FB-4F09-9920-E5609D226AA6}.Debug|Any CPU.Build.0 = Debug|Any CPU
		{A7D8BAD5-74FB-4F09-9920-E5609D226AA6}.Release|Any CPU.ActiveCfg = Release|Any CPU
		{A7D8BAD5-74FB-4F09-9920-E5609D226AA6}.Release|Any CPU.Build.0 = Release|Any CPU
	EndGlobalSection
EndGlobal
